PODS:
  - JoynedMobileSDK (1.0.0)
  - ObjcExceptionBridging (7.1.5):
    - ObjcExceptionBridging/ObjcExceptionBridging (= 7.1.5)
  - ObjcExceptionBridging/ObjcExceptionBridging (7.1.5)
  - XCGLogger (7.1.5):
    - XCGLogger/Core (= 7.1.5)
  - XCGLogger/Core (7.1.5):
    - ObjcExceptionBridging

DEPENDENCIES:
  - JoynedMobileSDK
  - XCGLogger

SPEC REPOS:
  trunk:
    - JoynedMobileSDK
    - ObjcExceptionBridging
    - XCGLogger

SPEC CHECKSUMS:
  JoynedMobileSDK: 85d762c935180cd5f319c095c000fc80959cd1c2
  ObjcExceptionBridging: d3d37d62981bb7f252ecb31b62d7e23a96bbfb8a
  XCGLogger: 399c5885210b4e2ad79d9f7a29b105d672ef724f

PODFILE CHECKSUM: 1a0be4f2b2f233de81a29ae0b4b0492ef0589ebe

COCOAPODS: 1.15.2
